
Microsoft Visual Studio Solution File, Format Version 12.00
# Visual Studio 15
VisualStudioVersion = 15.0.27004.2002
MinimumVisualStudioVersion = 10.0.40219.1
Project("{9A19103F-16F7-4668-BE54-9A1E7A4F7556}") = "TodoApi", "TodoApi\TodoApi.csproj", "{9F7DF99C-D0C2-4535-A380-E01F5D46FBF3}"
EndProject
Project("{E53339B2-1760-4266-BCC7-CA923CBCF16C}") = "docker-compose", "docker-compose.dcproj", "{E251DC6A-D6F5-465F-A3FF-9283A3BCF27F}"
EndProject
Project("{9A19103F-16F7-4668-BE54-9A1E7A4F7556}") = "TodoWeb", "TodoWeb\TodoWeb.csproj", "{B642B02F-FCE2-40B2-9456-CF8F3EA89F5C}"
EndProject
Project("{2150E333-8FDC-42A3-9474-1A3956D46DE8}") = "docker-scripts", "docker-scripts", "{3B3C956B-8A8E-4CE5-9754-2CB6D168026D}"
	ProjectSection(SolutionItems) = preProject
		publish-images-to-docker-hub.cmd = publish-images-to-docker-hub.cmd
	EndProjectSection
EndProject
Project("{2150E333-8FDC-42A3-9474-1A3956D46DE8}") = "kubernetes-scripts", "kubernetes-scripts", "{E0DB7FEE-6968-4A4C-A789-AF1A0035F483}"
	ProjectSection(SolutionItems) = preProject
		create-kubernetes-cluster.cmd = create-kubernetes-cluster.cmd
		create-kubernetes-todoapi-deployment.cmd = create-kubernetes-todoapi-deployment.cmd
		create-kubernetes-todoapi-service.cmd = create-kubernetes-todoapi-service.cmd
		create-kubernetes-todoweb-deployment.cmd = create-kubernetes-todoweb-deployment.cmd
		create-kubernetes-todoweb-service.cmd = create-kubernetes-todoweb-service.cmd
		delete-kubernetes-pods-and-services-and-deployments.cmd = delete-kubernetes-pods-and-services-and-deployments.cmd
		deploy-application-to-kubernetes.cmd = deploy-application-to-kubernetes.cmd
		kubernetes-deployments-and-services.yml = kubernetes-deployments-and-services.yml
		kubernetes-todoapi-deployment.yml = kubernetes-todoapi-deployment.yml
		kubernetes-todoapi-service.yml = kubernetes-todoapi-service.yml
		kubernetes-todoweb-deployment.yml = kubernetes-todoweb-deployment.yml
		kubernetes-todoweb-service.yml = kubernetes-todoweb-service.yml
	EndProjectSection
EndProject
Project("{2150E333-8FDC-42A3-9474-1A3956D46DE8}") = "service-fabric-docker-compose", "service-fabric-docker-compose", "{F96006CF-E6D4-49AB-83A3-D33A3C6BC66A}"
	ProjectSection(SolutionItems) = preProject
		servicefabric-create-deployment.cmd = servicefabric-create-deployment.cmd
		servicefabric-create-deployment.ps1 = servicefabric-create-deployment.ps1
		servicefabric-docker-compose.yml = servicefabric-docker-compose.yml
	EndProjectSection
EndProject
Project("{A07B5EB6-E848-4116-A8D0-A826331D98C6}") = "TodoApp", "TodoApp\TodoApp.sfproj", "{EEEBC2B5-C67E-4EF6-B268-9EED81BF831F}"
EndProject
Project("{2150E333-8FDC-42A3-9474-1A3956D46DE8}") = "DNS", "DNS", "{7041768E-5F06-4AAB-B8DB-C419B7979D3A}"
	ProjectSection(SolutionItems) = preProject
		create-azure-dns-for-kubernetes-todoapi-service.cmd = create-azure-dns-for-kubernetes-todoapi-service.cmd
	EndProjectSection
EndProject
Project("{2150E333-8FDC-42A3-9474-1A3956D46DE8}") = "Readme", "Readme", "{D789831C-95E6-4E22-AB93-6675CDCE8688}"
	ProjectSection(SolutionItems) = preProject
		README.md = README.md
	EndProjectSection
EndProject
Project("{2150E333-8FDC-42A3-9474-1A3956D46DE8}") = "Visio", "Visio", "{47223A09-3DE9-4AC5-81BD-F5A19418AE28}"
	ProjectSection(SolutionItems) = preProject
		Architecture.vsdx = Architecture.vsdx
	EndProjectSection
EndProject
Global
	GlobalSection(SolutionConfigurationPlatforms) = preSolution
		Debug|Any CPU = Debug|Any CPU
		Debug|x64 = Debug|x64
		Release|Any CPU = Release|Any CPU
		Release|x64 = Release|x64
	EndGlobalSection
	GlobalSection(ProjectConfigurationPlatforms) = postSolution
		{9F7DF99C-D0C2-4535-A380-E01F5D46FBF3}.Debug|Any CPU.ActiveCfg = Debug|Any CPU
		{9F7DF99C-D0C2-4535-A380-E01F5D46FBF3}.Debug|Any CPU.Build.0 = Debug|Any CPU
		{9F7DF99C-D0C2-4535-A380-E01F5D46FBF3}.Debug|x64.ActiveCfg = Debug|Any CPU
		{9F7DF99C-D0C2-4535-A380-E01F5D46FBF3}.Debug|x64.Build.0 = Debug|Any CPU
		{9F7DF99C-D0C2-4535-A380-E01F5D46FBF3}.Release|Any CPU.ActiveCfg = Release|Any CPU
		{9F7DF99C-D0C2-4535-A380-E01F5D46FBF3}.Release|Any CPU.Build.0 = Release|Any CPU
		{9F7DF99C-D0C2-4535-A380-E01F5D46FBF3}.Release|x64.ActiveCfg = Release|Any CPU
		{9F7DF99C-D0C2-4535-A380-E01F5D46FBF3}.Release|x64.Build.0 = Release|Any CPU
		{E251DC6A-D6F5-465F-A3FF-9283A3BCF27F}.Debug|Any CPU.ActiveCfg = Debug|Any CPU
		{E251DC6A-D6F5-465F-A3FF-9283A3BCF27F}.Debug|Any CPU.Build.0 = Debug|Any CPU
		{E251DC6A-D6F5-465F-A3FF-9283A3BCF27F}.Debug|x64.ActiveCfg = Debug|Any CPU
		{E251DC6A-D6F5-465F-A3FF-9283A3BCF27F}.Debug|x64.Build.0 = Debug|Any CPU
		{E251DC6A-D6F5-465F-A3FF-9283A3BCF27F}.Release|Any CPU.ActiveCfg = Release|Any CPU
		{E251DC6A-D6F5-465F-A3FF-9283A3BCF27F}.Release|Any CPU.Build.0 = Release|Any CPU
		{E251DC6A-D6F5-465F-A3FF-9283A3BCF27F}.Release|x64.ActiveCfg = Release|Any CPU
		{E251DC6A-D6F5-465F-A3FF-9283A3BCF27F}.Release|x64.Build.0 = Release|Any CPU
		{B642B02F-FCE2-40B2-9456-CF8F3EA89F5C}.Debug|Any CPU.ActiveCfg = Debug|Any CPU
		{B642B02F-FCE2-40B2-9456-CF8F3EA89F5C}.Debug|Any CPU.Build.0 = Debug|Any CPU
		{B642B02F-FCE2-40B2-9456-CF8F3EA89F5C}.Debug|x64.ActiveCfg = Debug|Any CPU
		{B642B02F-FCE2-40B2-9456-CF8F3EA89F5C}.Debug|x64.Build.0 = Debug|Any CPU
		{B642B02F-FCE2-40B2-9456-CF8F3EA89F5C}.Release|Any CPU.ActiveCfg = Release|Any CPU
		{B642B02F-FCE2-40B2-9456-CF8F3EA89F5C}.Release|Any CPU.Build.0 = Release|Any CPU
		{B642B02F-FCE2-40B2-9456-CF8F3EA89F5C}.Release|x64.ActiveCfg = Release|Any CPU
		{B642B02F-FCE2-40B2-9456-CF8F3EA89F5C}.Release|x64.Build.0 = Release|Any CPU
		{EEEBC2B5-C67E-4EF6-B268-9EED81BF831F}.Debug|Any CPU.ActiveCfg = Debug|x64
		{EEEBC2B5-C67E-4EF6-B268-9EED81BF831F}.Debug|x64.ActiveCfg = Debug|x64
		{EEEBC2B5-C67E-4EF6-B268-9EED81BF831F}.Debug|x64.Build.0 = Debug|x64
		{EEEBC2B5-C67E-4EF6-B268-9EED81BF831F}.Debug|x64.Deploy.0 = Debug|x64
		{EEEBC2B5-C67E-4EF6-B268-9EED81BF831F}.Release|Any CPU.ActiveCfg = Release|x64
		{EEEBC2B5-C67E-4EF6-B268-9EED81BF831F}.Release|x64.ActiveCfg = Release|x64
		{EEEBC2B5-C67E-4EF6-B268-9EED81BF831F}.Release|x64.Build.0 = Release|x64
		{EEEBC2B5-C67E-4EF6-B268-9EED81BF831F}.Release|x64.Deploy.0 = Release|x64
	EndGlobalSection
	GlobalSection(SolutionProperties) = preSolution
		HideSolutionNode = FALSE
	EndGlobalSection
	GlobalSection(ExtensibilityGlobals) = postSolution
		SolutionGuid = {9255118D-6AE7-4332-8A5C-8A2414E92153}
	EndGlobalSection
EndGlobal
